# This file was autogenerated by Stack.
# You should not edit this file by hand.
# For more information, please see the documentation at:
#   https://docs.haskellstack.org/en/stable/lock_files

packages:
- completed:
    hackage: hspec-2.6.1@sha256:2abaa8bed30616e123c36745059b6f7bf3de3d52f7220b38939d04c0a805b7e9,1769
    pantry-tree:
      size: 532
      sha256: 75d147956a84025f73234eaa43b6b6f7a4099923c761505ace7a7938204012cc
  original:
    hackage: hspec-2.6.1
snapshots:
- completed:
    size: 498186
    url: https://raw.githubusercontent.com/commercialhaskell/stackage-snapshots/master/lts/13/22.yaml
    sha256: d4f07dc3d5658260c2fe34266ad7618f6c84d34decf559c9c786ac1cfccf4e7b
  original: lts-13.22
